// !$*UTF8*$!
{
	archiveVersion = 1;
	classes = {
	};
	objectVersion = 56;
	objects = {

/* Begin PBXBuildFile section */
		5D0153522BD65B08008B197F /* EducationalExperienceChipView.swift in Sources */ = {isa = PBXBuildFile; fileRef = 5D0153512BD65B08008B197F /* EducationalExperienceChipView.swift */; };
		5D0153542BD65D3A008B197F /* EducationalExperience.swift in Sources */ = {isa = PBXBuildFile; fileRef = 5D0153532BD65D3A008B197F /* EducationalExperience.swift */; };
		5D0153562BD6777E008B197F /* Project.swift in Sources */ = {isa = PBXBuildFile; fileRef = 5D0153552BD6777E008B197F /* Project.swift */; };
		5D0153582BD67910008B197F /* ProjectsSectionScreen.swift in Sources */ = {isa = PBXBuildFile; fileRef = 5D0153572BD67910008B197F /* ProjectsSectionScreen.swift */; };
		5D01535A2BD679C2008B197F /* ProjectSectionChipView.swift in Sources */ = {isa = PBXBuildFile; fileRef = 5D0153592BD679C2008B197F /* ProjectSectionChipView.swift */; };
		5D01535C2BD67C86008B197F /* LanguagesSectionScreen.swift in Sources */ = {isa = PBXBuildFile; fileRef = 5D01535B2BD67C86008B197F /* LanguagesSectionScreen.swift */; };
		5D01535E2BD67CFD008B197F /* Language.swift in Sources */ = {isa = PBXBuildFile; fileRef = 5D01535D2BD67CFD008B197F /* Language.swift */; };
		5D0153602BD7E5EB008B197F /* HobbiesAndInterests.swift in Sources */ = {isa = PBXBuildFile; fileRef = 5D01535F2BD7E5EB008B197F /* HobbiesAndInterests.swift */; };
		5D0153622BD7E7E2008B197F /* HobbiesAndInterestsSectionScreen.swift in Sources */ = {isa = PBXBuildFile; fileRef = 5D0153612BD7E7E2008B197F /* HobbiesAndInterestsSectionScreen.swift */; };
		5D59CDA32BD1725E00B123D3 /* ProfessionalExperienceDetailScreen.swift in Sources */ = {isa = PBXBuildFile; fileRef = 5D59CDA22BD1725E00B123D3 /* ProfessionalExperienceDetailScreen.swift */; };
		5D59CDA52BD27C3C00B123D3 /* MainTecnologiesChipView.swift in Sources */ = {isa = PBXBuildFile; fileRef = 5D59CDA42BD27C3C00B123D3 /* MainTecnologiesChipView.swift */; };
		5D59CDA72BD2851E00B123D3 /* CompanyInfoView.swift in Sources */ = {isa = PBXBuildFile; fileRef = 5D59CDA62BD2851E00B123D3 /* CompanyInfoView.swift */; };
		5D617CFA2BDAB59D00353816 /* ProjectsData.json in Resources */ = {isa = PBXBuildFile; fileRef = 5D617CF92BDAB59D00353816 /* ProjectsData.json */; };
		5D67C0BF2BD13EE000C74CFC /* ProfessionalExperienceScreen.swift in Sources */ = {isa = PBXBuildFile; fileRef = 5D67C0BE2BD13EE000C74CFC /* ProfessionalExperienceScreen.swift */; };
		5D67C0C12BD1478D00C74CFC /* EducationalExperienceScreen.swift in Sources */ = {isa = PBXBuildFile; fileRef = 5D67C0C02BD1478D00C74CFC /* EducationalExperienceScreen.swift */; };
		5D67C0C32BD14AC700C74CFC /* ProfessionalExperience.swift in Sources */ = {isa = PBXBuildFile; fileRef = 5D67C0C22BD14AC700C74CFC /* ProfessionalExperience.swift */; };
		5D67C0C52BD1527A00C74CFC /* ProfessionalExperienceChipView.swift in Sources */ = {isa = PBXBuildFile; fileRef = 5D67C0C42BD1527A00C74CFC /* ProfessionalExperienceChipView.swift */; };
		5D738E822BC87E4300BFAA6B /* CV_JoaoMoreiraApp.swift in Sources */ = {isa = PBXBuildFile; fileRef = 5D738E812BC87E4300BFAA6B /* CV_JoaoMoreiraApp.swift */; };
		5D738E842BC87E4300BFAA6B /* HomeScreen.swift in Sources */ = {isa = PBXBuildFile; fileRef = 5D738E832BC87E4300BFAA6B /* HomeScreen.swift */; };
		5D738E862BC87E4500BFAA6B /* Assets.xcassets in Resources */ = {isa = PBXBuildFile; fileRef = 5D738E852BC87E4500BFAA6B /* Assets.xcassets */; };
		5D738E892BC87E4500BFAA6B /* Preview Assets.xcassets in Resources */ = {isa = PBXBuildFile; fileRef = 5D738E882BC87E4500BFAA6B /* Preview Assets.xcassets */; };
		5D738E902BC87EA400BFAA6B /* AboutSection.swift in Sources */ = {isa = PBXBuildFile; fileRef = 5D738E8F2BC87EA400BFAA6B /* AboutSection.swift */; };
		5D8B3D582BDA9AAE00C7FF2D /* Contact.swift in Sources */ = {isa = PBXBuildFile; fileRef = 5D8B3D572BDA9AAE00C7FF2D /* Contact.swift */; };
		5D8B3D5A2BDA9CB000C7FF2D /* ContactsSectionScreen.swift in Sources */ = {isa = PBXBuildFile; fileRef = 5D8B3D592BDA9CB000C7FF2D /* ContactsSectionScreen.swift */; };
		5D8B3D602BDAA28300C7FF2D /* Bundle.swift in Sources */ = {isa = PBXBuildFile; fileRef = 5D8B3D5F2BDAA28300C7FF2D /* Bundle.swift */; };
		5D8B3D612BDAA67200C7FF2D /* AboutMeData.json in Resources */ = {isa = PBXBuildFile; fileRef = 5D8B3D5D2BDAA24300C7FF2D /* AboutMeData.json */; };
		5D8B3D632BDAA8CE00C7FF2D /* ProfessionalExperienceData.json in Resources */ = {isa = PBXBuildFile; fileRef = 5D8B3D622BDAA8CE00C7FF2D /* ProfessionalExperienceData.json */; };
		5D8B3D652BDAB17800C7FF2D /* EducationalExperienceData.json in Resources */ = {isa = PBXBuildFile; fileRef = 5D8B3D642BDAB17800C7FF2D /* EducationalExperienceData.json */; };
		5DA1786D2BDBA9A700A7FD8E /* LanguagesData.json in Resources */ = {isa = PBXBuildFile; fileRef = 5DA1786C2BDBA9A700A7FD8E /* LanguagesData.json */; };
		5DA1786F2BDBAAA700A7FD8E /* HobbiesAndInterestsData.json in Resources */ = {isa = PBXBuildFile; fileRef = 5DA1786E2BDBAAA700A7FD8E /* HobbiesAndInterestsData.json */; };
		5DA178712BDBABCF00A7FD8E /* ContactsData.json in Resources */ = {isa = PBXBuildFile; fileRef = 5DA178702BDBABCF00A7FD8E /* ContactsData.json */; };
		5DF15D4B2BC8852F00B4EF19 /* HeaderInfoView.swift in Sources */ = {isa = PBXBuildFile; fileRef = 5DF15D4A2BC8852F00B4EF19 /* HeaderInfoView.swift */; };
		5DF15D522BCEDE8A00B4EF19 /* AboutMeScreen.swift in Sources */ = {isa = PBXBuildFile; fileRef = 5DF15D512BCEDE8A00B4EF19 /* AboutMeScreen.swift */; };
		5DF15D542BCEE09500B4EF19 /* AboutMeSectionView.swift in Sources */ = {isa = PBXBuildFile; fileRef = 5DF15D532BCEE09500B4EF19 /* AboutMeSectionView.swift */; };
		5DF15D562BCEE1C800B4EF19 /* AboutMeSection.swift in Sources */ = {isa = PBXBuildFile; fileRef = 5DF15D552BCEE1C800B4EF19 /* AboutMeSection.swift */; };
/* End PBXBuildFile section */

/* Begin PBXFileReference section */
		5D0153512BD65B08008B197F /* EducationalExperienceChipView.swift */ = {isa = PBXFileReference; lastKnownFileType = sourcecode.swift; path = EducationalExperienceChipView.swift; sourceTree = "<group>"; };
		5D0153532BD65D3A008B197F /* EducationalExperience.swift */ = {isa = PBXFileReference; lastKnownFileType = sourcecode.swift; path = EducationalExperience.swift; sourceTree = "<group>"; };
		5D0153552BD6777E008B197F /* Project.swift */ = {isa = PBXFileReference; lastKnownFileType = sourcecode.swift; path = Project.swift; sourceTree = "<group>"; };
		5D0153572BD67910008B197F /* ProjectsSectionScreen.swift */ = {isa = PBXFileReference; lastKnownFileType = sourcecode.swift; path = ProjectsSectionScreen.swift; sourceTree = "<group>"; };
		5D0153592BD679C2008B197F /* ProjectSectionChipView.swift */ = {isa = PBXFileReference; lastKnownFileType = sourcecode.swift; path = ProjectSectionChipView.swift; sourceTree = "<group>"; };
		5D01535B2BD67C86008B197F /* LanguagesSectionScreen.swift */ = {isa = PBXFileReference; lastKnownFileType = sourcecode.swift; path = LanguagesSectionScreen.swift; sourceTree = "<group>"; };
		5D01535D2BD67CFD008B197F /* Language.swift */ = {isa = PBXFileReference; lastKnownFileType = sourcecode.swift; path = Language.swift; sourceTree = "<group>"; };
		5D01535F2BD7E5EB008B197F /* HobbiesAndInterests.swift */ = {isa = PBXFileReference; lastKnownFileType = sourcecode.swift; path = HobbiesAndInterests.swift; sourceTree = "<group>"; };
		5D0153612BD7E7E2008B197F /* HobbiesAndInterestsSectionScreen.swift */ = {isa = PBXFileReference; lastKnownFileType = sourcecode.swift; path = HobbiesAndInterestsSectionScreen.swift; sourceTree = "<group>"; };
		5D59CDA22BD1725E00B123D3 /* ProfessionalExperienceDetailScreen.swift */ = {isa = PBXFileReference; lastKnownFileType = sourcecode.swift; path = ProfessionalExperienceDetailScreen.swift; sourceTree = "<group>"; };
		5D59CDA42BD27C3C00B123D3 /* MainTecnologiesChipView.swift */ = {isa = PBXFileReference; lastKnownFileType = sourcecode.swift; path = MainTecnologiesChipView.swift; sourceTree = "<group>"; };
		5D59CDA62BD2851E00B123D3 /* CompanyInfoView.swift */ = {isa = PBXFileReference; lastKnownFileType = sourcecode.swift; path = CompanyInfoView.swift; sourceTree = "<group>"; };
		5D617CF92BDAB59D00353816 /* ProjectsData.json */ = {isa = PBXFileReference; lastKnownFileType = text.json; path = ProjectsData.json; sourceTree = "<group>"; };
		5D67C0BE2BD13EE000C74CFC /* ProfessionalExperienceScreen.swift */ = {isa = PBXFileReference; lastKnownFileType = sourcecode.swift; path = ProfessionalExperienceScreen.swift; sourceTree = "<group>"; };
		5D67C0C02BD1478D00C74CFC /* EducationalExperienceScreen.swift */ = {isa = PBXFileReference; lastKnownFileType = sourcecode.swift; path = EducationalExperienceScreen.swift; sourceTree = "<group>"; };
		5D67C0C22BD14AC700C74CFC /* ProfessionalExperience.swift */ = {isa = PBXFileReference; lastKnownFileType = sourcecode.swift; path = ProfessionalExperience.swift; sourceTree = "<group>"; };
		5D67C0C42BD1527A00C74CFC /* ProfessionalExperienceChipView.swift */ = {isa = PBXFileReference; lastKnownFileType = sourcecode.swift; path = ProfessionalExperienceChipView.swift; sourceTree = "<group>"; };
		5D738E7E2BC87E4300BFAA6B /* CV-JoaoMoreira.app */ = {isa = PBXFileReference; explicitFileType = wrapper.application; includeInIndex = 0; path = "CV-JoaoMoreira.app"; sourceTree = BUILT_PRODUCTS_DIR; };
		5D738E812BC87E4300BFAA6B /* CV_JoaoMoreiraApp.swift */ = {isa = PBXFileReference; lastKnownFileType = sourcecode.swift; path = CV_JoaoMoreiraApp.swift; sourceTree = "<group>"; };
		5D738E832BC87E4300BFAA6B /* HomeScreen.swift */ = {isa = PBXFileReference; lastKnownFileType = sourcecode.swift; path = HomeScreen.swift; sourceTree = "<group>"; };
		5D738E852BC87E4500BFAA6B /* Assets.xcassets */ = {isa = PBXFileReference; lastKnownFileType = folder.assetcatalog; path = Assets.xcassets; sourceTree = "<group>"; };
		5D738E882BC87E4500BFAA6B /* Preview Assets.xcassets */ = {isa = PBXFileReference; lastKnownFileType = folder.assetcatalog; path = "Preview Assets.xcassets"; sourceTree = "<group>"; };
		5D738E8F2BC87EA400BFAA6B /* AboutSection.swift */ = {isa = PBXFileReference; lastKnownFileType = sourcecode.swift; path = AboutSection.swift; sourceTree = "<group>"; };
		5D8B3D572BDA9AAE00C7FF2D /* Contact.swift */ = {isa = PBXFileReference; lastKnownFileType = sourcecode.swift; path = Contact.swift; sourceTree = "<group>"; };
		5D8B3D592BDA9CB000C7FF2D /* ContactsSectionScreen.swift */ = {isa = PBXFileReference; lastKnownFileType = sourcecode.swift; path = ContactsSectionScreen.swift; sourceTree = "<group>"; };
		5D8B3D5D2BDAA24300C7FF2D /* AboutMeData.json */ = {isa = PBXFileReference; lastKnownFileType = text.json; path = AboutMeData.json; sourceTree = "<group>"; };
		5D8B3D5F2BDAA28300C7FF2D /* Bundle.swift */ = {isa = PBXFileReference; lastKnownFileType = sourcecode.swift; path = Bundle.swift; sourceTree = "<group>"; };
		5D8B3D622BDAA8CE00C7FF2D /* ProfessionalExperienceData.json */ = {isa = PBXFileReference; lastKnownFileType = text.json; path = ProfessionalExperienceData.json; sourceTree = "<group>"; };
		5D8B3D642BDAB17800C7FF2D /* EducationalExperienceData.json */ = {isa = PBXFileReference; lastKnownFileType = text.json; path = EducationalExperienceData.json; sourceTree = "<group>"; };
		5DA1786C2BDBA9A700A7FD8E /* LanguagesData.json */ = {isa = PBXFileReference; lastKnownFileType = text.json; path = LanguagesData.json; sourceTree = "<group>"; };
		5DA1786E2BDBAAA700A7FD8E /* HobbiesAndInterestsData.json */ = {isa = PBXFileReference; lastKnownFileType = text.json; path = HobbiesAndInterestsData.json; sourceTree = "<group>"; };
		5DA178702BDBABCF00A7FD8E /* ContactsData.json */ = {isa = PBXFileReference; lastKnownFileType = text.json; path = ContactsData.json; sourceTree = "<group>"; };
		5DF15D4A2BC8852F00B4EF19 /* HeaderInfoView.swift */ = {isa = PBXFileReference; lastKnownFileType = sourcecode.swift; path = HeaderInfoView.swift; sourceTree = "<group>"; };
		5DF15D512BCEDE8A00B4EF19 /* AboutMeScreen.swift */ = {isa = PBXFileReference; lastKnownFileType = sourcecode.swift; path = AboutMeScreen.swift; sourceTree = "<group>"; };
		5DF15D532BCEE09500B4EF19 /* AboutMeSectionView.swift */ = {isa = PBXFileReference; lastKnownFileType = sourcecode.swift; path = AboutMeSectionView.swift; sourceTree = "<group>"; };
		5DF15D552BCEE1C800B4EF19 /* AboutMeSection.swift */ = {isa = PBXFileReference; lastKnownFileType = sourcecode.swift; path = AboutMeSection.swift; sourceTree = "<group>"; };
/* End PBXFileReference section */

/* Begin PBXFrameworksBuildPhase section */
		5D738E7B2BC87E4300BFAA6B /* Frameworks */ = {
			isa = PBXFrameworksBuildPhase;
			buildActionMask = 2147483647;
			files = (
			);
			runOnlyForDeploymentPostprocessing = 0;
		};
/* End PBXFrameworksBuildPhase section */

/* Begin PBXGroup section */
		5D0153502BD65A6B008B197F /* EducationalExperience */ = {
			isa = PBXGroup;
			children = (
				5D67C0C02BD1478D00C74CFC /* EducationalExperienceScreen.swift */,
			);
			path = EducationalExperience;
			sourceTree = "<group>";
		};
		5D59CDA12BD16E9D00B123D3 /* ProfessionalExperience */ = {
			isa = PBXGroup;
			children = (
				5D67C0BE2BD13EE000C74CFC /* ProfessionalExperienceScreen.swift */,
				5D59CDA22BD1725E00B123D3 /* ProfessionalExperienceDetailScreen.swift */,
			);
			path = ProfessionalExperience;
			sourceTree = "<group>";
		};
		5D738E752BC87E4300BFAA6B = {
			isa = PBXGroup;
			children = (
				5D738E802BC87E4300BFAA6B /* CV-JoaoMoreira */,
				5D738E7F2BC87E4300BFAA6B /* Products */,
			);
			sourceTree = "<group>";
		};
		5D738E7F2BC87E4300BFAA6B /* Products */ = {
			isa = PBXGroup;
			children = (
				5D738E7E2BC87E4300BFAA6B /* CV-JoaoMoreira.app */,
			);
			name = Products;
			sourceTree = "<group>";
		};
		5D738E802BC87E4300BFAA6B /* CV-JoaoMoreira */ = {
			isa = PBXGroup;
			children = (
				5D8B3D5C2BDAA22E00C7FF2D /* Data */,
				5DF15D572BCEF58D00B4EF19 /* Extension */,
				5DF15D492BC8851A00B4EF19 /* View */,
				5DF15D4C2BCD6C5E00B4EF19 /* Model */,
				5DF15D502BCEDDDE00B4EF19 /* App */,
				5D738E812BC87E4300BFAA6B /* CV_JoaoMoreiraApp.swift */,
				5D738E852BC87E4500BFAA6B /* Assets.xcassets */,
				5D738E872BC87E4500BFAA6B /* Preview Content */,
			);
			path = "CV-JoaoMoreira";
			sourceTree = "<group>";
		};
		5D738E872BC87E4500BFAA6B /* Preview Content */ = {
			isa = PBXGroup;
			children = (
				5D738E882BC87E4500BFAA6B /* Preview Assets.xcassets */,
			);
			path = "Preview Content";
			sourceTree = "<group>";
		};
		5D8B3D5C2BDAA22E00C7FF2D /* Data */ = {
			isa = PBXGroup;
			children = (
				5D8B3D5D2BDAA24300C7FF2D /* AboutMeData.json */,
				5D8B3D622BDAA8CE00C7FF2D /* ProfessionalExperienceData.json */,
				5D8B3D642BDAB17800C7FF2D /* EducationalExperienceData.json */,
				5D617CF92BDAB59D00353816 /* ProjectsData.json */,
				5DA1786C2BDBA9A700A7FD8E /* LanguagesData.json */,
				5DA1786E2BDBAAA700A7FD8E /* HobbiesAndInterestsData.json */,
				5DA178702BDBABCF00A7FD8E /* ContactsData.json */,
			);
			path = Data;
			sourceTree = "<group>";
		};
		5DF15D492BC8851A00B4EF19 /* View */ = {
			isa = PBXGroup;
			children = (
				5D738E8F2BC87EA400BFAA6B /* AboutSection.swift */,
				5DF15D4A2BC8852F00B4EF19 /* HeaderInfoView.swift */,
				5DF15D532BCEE09500B4EF19 /* AboutMeSectionView.swift */,
				5D67C0C42BD1527A00C74CFC /* ProfessionalExperienceChipView.swift */,
				5D59CDA42BD27C3C00B123D3 /* MainTecnologiesChipView.swift */,
				5D59CDA62BD2851E00B123D3 /* CompanyInfoView.swift */,
				5D0153512BD65B08008B197F /* EducationalExperienceChipView.swift */,
				5D0153592BD679C2008B197F /* ProjectSectionChipView.swift */,
			);
			path = View;
			sourceTree = "<group>";
		};
		5DF15D4C2BCD6C5E00B4EF19 /* Model */ = {
			isa = PBXGroup;
			children = (
				5DF15D552BCEE1C800B4EF19 /* AboutMeSection.swift */,
				5D67C0C22BD14AC700C74CFC /* ProfessionalExperience.swift */,
				5D0153532BD65D3A008B197F /* EducationalExperience.swift */,
				5D0153552BD6777E008B197F /* Project.swift */,
				5D01535D2BD67CFD008B197F /* Language.swift */,
				5D01535F2BD7E5EB008B197F /* HobbiesAndInterests.swift */,
				5D8B3D572BDA9AAE00C7FF2D /* Contact.swift */,
			);
			path = Model;
			sourceTree = "<group>";
		};
		5DF15D502BCEDDDE00B4EF19 /* App */ = {
			isa = PBXGroup;
			children = (
				5D738E832BC87E4300BFAA6B /* HomeScreen.swift */,
				5DF15D512BCEDE8A00B4EF19 /* AboutMeScreen.swift */,
				5D59CDA12BD16E9D00B123D3 /* ProfessionalExperience */,
				5D0153502BD65A6B008B197F /* EducationalExperience */,
				5D0153572BD67910008B197F /* ProjectsSectionScreen.swift */,
				5D01535B2BD67C86008B197F /* LanguagesSectionScreen.swift */,
				5D0153612BD7E7E2008B197F /* HobbiesAndInterestsSectionScreen.swift */,
				5D8B3D592BDA9CB000C7FF2D /* ContactsSectionScreen.swift */,
			);
			path = App;
			sourceTree = "<group>";
		};
		5DF15D572BCEF58D00B4EF19 /* Extension */ = {
			isa = PBXGroup;
			children = (
				5D8B3D5F2BDAA28300C7FF2D /* Bundle.swift */,
			);
			path = Extension;
			sourceTree = "<group>";
		};
/* End PBXGroup section */

/* Begin PBXNativeTarget section */
		5D738E7D2BC87E4300BFAA6B /* CV-JoaoMoreira */ = {
			isa = PBXNativeTarget;
			buildConfigurationList = 5D738E8C2BC87E4500BFAA6B /* Build configuration list for PBXNativeTarget "CV-JoaoMoreira" */;
			buildPhases = (
				5D738E7A2BC87E4300BFAA6B /* Sources */,
				5D738E7B2BC87E4300BFAA6B /* Frameworks */,
				5D738E7C2BC87E4300BFAA6B /* Resources */,
			);
			buildRules = (
			);
			dependencies = (
			);
			name = "CV-JoaoMoreira";
			productName = "CV-JoaoMoreira";
			productReference = 5D738E7E2BC87E4300BFAA6B /* CV-JoaoMoreira.app */;
			productType = "com.apple.product-type.application";
		};
/* End PBXNativeTarget section */

/* Begin PBXProject section */
		5D738E762BC87E4300BFAA6B /* Project object */ = {
			isa = PBXProject;
			attributes = {
				BuildIndependentTargetsInParallel = 1;
				LastSwiftUpdateCheck = 1530;
				LastUpgradeCheck = 1530;
				TargetAttributes = {
					5D738E7D2BC87E4300BFAA6B = {
						CreatedOnToolsVersion = 15.3;
					};
				};
			};
			buildConfigurationList = 5D738E792BC87E4300BFAA6B /* Build configuration list for PBXProject "CV-JoaoMoreira" */;
			compatibilityVersion = "Xcode 14.0";
			developmentRegion = en;
			hasScannedForEncodings = 0;
			knownRegions = (
				en,
				Base,
			);
			mainGroup = 5D738E752BC87E4300BFAA6B;
			productRefGroup = 5D738E7F2BC87E4300BFAA6B /* Products */;
			projectDirPath = "";
			projectRoot = "";
			targets = (
				5D738E7D2BC87E4300BFAA6B /* CV-JoaoMoreira */,
			);
		};
/* End PBXProject section */

/* Begin PBXResourcesBuildPhase section */
		5D738E7C2BC87E4300BFAA6B /* Resources */ = {
			isa = PBXResourcesBuildPhase;
			buildActionMask = 2147483647;
			files = (
				5D8B3D612BDAA67200C7FF2D /* AboutMeData.json in Resources */,
				5D8B3D632BDAA8CE00C7FF2D /* ProfessionalExperienceData.json in Resources */,
				5D8B3D652BDAB17800C7FF2D /* EducationalExperienceData.json in Resources */,
				5D617CFA2BDAB59D00353816 /* ProjectsData.json in Resources */,
				5DA1786D2BDBA9A700A7FD8E /* LanguagesData.json in Resources */,
				5DA1786F2BDBAAA700A7FD8E /* HobbiesAndInterestsData.json in Resources */,
				5DA178712BDBABCF00A7FD8E /* ContactsData.json in Resources */,
				5D738E892BC87E4500BFAA6B /* Preview Assets.xcassets in Resources */,
				5D738E862BC87E4500BFAA6B /* Assets.xcassets in Resources */,
			);
			runOnlyForDeploymentPostprocessing = 0;
		};
/* End PBXResourcesBuildPhase section */

/* Begin PBXSourcesBuildPhase section */
		5D738E7A2BC87E4300BFAA6B /* Sources */ = {
			isa = PBXSourcesBuildPhase;
			buildActionMask = 2147483647;
			files = (
				5DF15D562BCEE1C800B4EF19 /* AboutMeSection.swift in Sources */,
				5D738E842BC87E4300BFAA6B /* HomeScreen.swift in Sources */,
				5D0153542BD65D3A008B197F /* EducationalExperience.swift in Sources */,
				5D67C0C12BD1478D00C74CFC /* EducationalExperienceScreen.swift in Sources */,
				5D01535C2BD67C86008B197F /* LanguagesSectionScreen.swift in Sources */,
				5DF15D522BCEDE8A00B4EF19 /* AboutMeScreen.swift in Sources */,
				5D67C0BF2BD13EE000C74CFC /* ProfessionalExperienceScreen.swift in Sources */,
				5D0153582BD67910008B197F /* ProjectsSectionScreen.swift in Sources */,
				5D59CDA72BD2851E00B123D3 /* CompanyInfoView.swift in Sources */,
				5D738E822BC87E4300BFAA6B /* CV_JoaoMoreiraApp.swift in Sources */,
				5D8B3D5A2BDA9CB000C7FF2D /* ContactsSectionScreen.swift in Sources */,
				5D01535A2BD679C2008B197F /* ProjectSectionChipView.swift in Sources */,
				5D0153562BD6777E008B197F /* Project.swift in Sources */,
				5D738E902BC87EA400BFAA6B /* AboutSection.swift in Sources */,
				5D0153602BD7E5EB008B197F /* HobbiesAndInterests.swift in Sources */,
				5DF15D542BCEE09500B4EF19 /* AboutMeSectionView.swift in Sources */,
				5D59CDA32BD1725E00B123D3 /* ProfessionalExperienceDetailScreen.swift in Sources */,
				5D67C0C52BD1527A00C74CFC /* ProfessionalExperienceChipView.swift in Sources */,
				5D01535E2BD67CFD008B197F /* Language.swift in Sources */,
				5D0153522BD65B08008B197F /* EducationalExperienceChipView.swift in Sources */,
				5D8B3D602BDAA28300C7FF2D /* Bundle.swift in Sources */,
				5D8B3D582BDA9AAE00C7FF2D /* Contact.swift in Sources */,
				5D0153622BD7E7E2008B197F /* HobbiesAndInterestsSectionScreen.swift in Sources */,
				5DF15D4B2BC8852F00B4EF19 /* HeaderInfoView.swift in Sources */,
				5D67C0C32BD14AC700C74CFC /* ProfessionalExperience.swift in Sources */,
				5D59CDA52BD27C3C00B123D3 /* MainTecnologiesChipView.swift in Sources */,
			);
			runOnlyForDeploymentPostprocessing = 0;
		};
/* End PBXSourcesBuildPhase section */

/* Begin XCBuildConfiguration section */
		5D738E8A2BC87E4500BFAA6B /* Debug */ = {
			isa = XCBuildConfiguration;
			buildSettings = {
				ALWAYS_SEARCH_USER_PATHS = NO;
				ASSETCATALOG_COMPILER_GENERATE_SWIFT_ASSET_SYMBOL_EXTENSIONS = YES;
				CLANG_ANALYZER_NONNULL = YES;
				CLANG_ANALYZER_NUMBER_OBJECT_CONVERSION = YES_AGGRESSIVE;
				CLANG_CXX_LANGUAGE_STANDARD = "gnu++20";
				CLANG_ENABLE_MODULES = YES;
				CLANG_ENABLE_OBJC_ARC = YES;
				CLANG_ENABLE_OBJC_WEAK = YES;
				CLANG_WARN_BLOCK_CAPTURE_AUTORELEASING = YES;
				CLANG_WARN_BOOL_CONVERSION = YES;
				CLANG_WARN_COMMA = YES;
				CLANG_WARN_CONSTANT_CONVERSION = YES;
				CLANG_WARN_DEPRECATED_OBJC_IMPLEMENTATIONS = YES;
				CLANG_WARN_DIRECT_OBJC_ISA_USAGE = YES_ERROR;
				CLANG_WARN_DOCUMENTATION_COMMENTS = YES;
				CLANG_WARN_EMPTY_BODY = YES;
				CLANG_WARN_ENUM_CONVERSION = YES;
				CLANG_WARN_INFINITE_RECURSION = YES;
				CLANG_WARN_INT_CONVERSION = YES;
				CLANG_WARN_NON_LITERAL_NULL_CONVERSION = YES;
				CLANG_WARN_OBJC_IMPLICIT_RETAIN_SELF = YES;
				CLANG_WARN_OBJC_LITERAL_CONVERSION = YES;
				CLANG_WARN_OBJC_ROOT_CLASS = YES_ERROR;
				CLANG_WARN_QUOTED_INCLUDE_IN_FRAMEWORK_HEADER = YES;
				CLANG_WARN_RANGE_LOOP_ANALYSIS = YES;
				CLANG_WARN_STRICT_PROTOTYPES = YES;
				CLANG_WARN_SUSPICIOUS_MOVE = YES;
				CLANG_WARN_UNGUARDED_AVAILABILITY = YES_AGGRESSIVE;
				CLANG_WARN_UNREACHABLE_CODE = YES;
				CLANG_WARN__DUPLICATE_METHOD_MATCH = YES;
				COPY_PHASE_STRIP = NO;
				DEBUG_INFORMATION_FORMAT = dwarf;
				ENABLE_STRICT_OBJC_MSGSEND = YES;
				ENABLE_TESTABILITY = YES;
				ENABLE_USER_SCRIPT_SANDBOXING = YES;
				GCC_C_LANGUAGE_STANDARD = gnu17;
				GCC_DYNAMIC_NO_PIC = NO;
				GCC_NO_COMMON_BLOCKS = YES;
				GCC_OPTIMIZATION_LEVEL = 0;
				GCC_PREPROCESSOR_DEFINITIONS = (
					"DEBUG=1",
					"$(inherited)",
				);
				GCC_WARN_64_TO_32_BIT_CONVERSION = YES;
				GCC_WARN_ABOUT_RETURN_TYPE = YES_ERROR;
				GCC_WARN_UNDECLARED_SELECTOR = YES;
				GCC_WARN_UNINITIALIZED_AUTOS = YES_AGGRESSIVE;
				GCC_WARN_UNUSED_FUNCTION = YES;
				GCC_WARN_UNUSED_VARIABLE = YES;
				IPHONEOS_DEPLOYMENT_TARGET = 17.4;
				LOCALIZATION_PREFERS_STRING_CATALOGS = YES;
				MTL_ENABLE_DEBUG_INFO = INCLUDE_SOURCE;
				MTL_FAST_MATH = YES;
				ONLY_ACTIVE_ARCH = YES;
				SDKROOT = iphoneos;
				SWIFT_ACTIVE_COMPILATION_CONDITIONS = "DEBUG $(inherited)";
				SWIFT_OPTIMIZATION_LEVEL = "-Onone";
			};
			name = Debug;
		};
		5D738E8B2BC87E4500BFAA6B /* Release */ = {
			isa = XCBuildConfiguration;
			buildSettings = {
				ALWAYS_SEARCH_USER_PATHS = NO;
				ASSETCATALOG_COMPILER_GENERATE_SWIFT_ASSET_SYMBOL_EXTENSIONS = YES;
				CLANG_ANALYZER_NONNULL = YES;
				CLANG_ANALYZER_NUMBER_OBJECT_CONVERSION = YES_AGGRESSIVE;
				CLANG_CXX_LANGUAGE_STANDARD = "gnu++20";
				CLANG_ENABLE_MODULES = YES;
				CLANG_ENABLE_OBJC_ARC = YES;
				CLANG_ENABLE_OBJC_WEAK = YES;
				CLANG_WARN_BLOCK_CAPTURE_AUTORELEASING = YES;
				CLANG_WARN_BOOL_CONVERSION = YES;
				CLANG_WARN_COMMA = YES;
				CLANG_WARN_CONSTANT_CONVERSION = YES;
				CLANG_WARN_DEPRECATED_OBJC_IMPLEMENTATIONS = YES;
				CLANG_WARN_DIRECT_OBJC_ISA_USAGE = YES_ERROR;
				CLANG_WARN_DOCUMENTATION_COMMENTS = YES;
				CLANG_WARN_EMPTY_BODY = YES;
				CLANG_WARN_ENUM_CONVERSION = YES;
				CLANG_WARN_INFINITE_RECURSION = YES;
				CLANG_WARN_INT_CONVERSION = YES;
				CLANG_WARN_NON_LITERAL_NULL_CONVERSION = YES;
				CLANG_WARN_OBJC_IMPLICIT_RETAIN_SELF = YES;
				CLANG_WARN_OBJC_LITERAL_CONVERSION = YES;
				CLANG_WARN_OBJC_ROOT_CLASS = YES_ERROR;
				CLANG_WARN_QUOTED_INCLUDE_IN_FRAMEWORK_HEADER = YES;
				CLANG_WARN_RANGE_LOOP_ANALYSIS = YES;
				CLANG_WARN_STRICT_PROTOTYPES = YES;
				CLANG_WARN_SUSPICIOUS_MOVE = YES;
				CLANG_WARN_UNGUARDED_AVAILABILITY = YES_AGGRESSIVE;
				CLANG_WARN_UNREACHABLE_CODE = YES;
				CLANG_WARN__DUPLICATE_METHOD_MATCH = YES;
				COPY_PHASE_STRIP = NO;
				DEBUG_INFORMATION_FORMAT = "dwarf-with-dsym";
				ENABLE_NS_ASSERTIONS = NO;
				ENABLE_STRICT_OBJC_MSGSEND = YES;
				ENABLE_USER_SCRIPT_SANDBOXING = YES;
				GCC_C_LANGUAGE_STANDARD = gnu17;
				GCC_NO_COMMON_BLOCKS = YES;
				GCC_WARN_64_TO_32_BIT_CONVERSION = YES;
				GCC_WARN_ABOUT_RETURN_TYPE = YES_ERROR;
				GCC_WARN_UNDECLARED_SELECTOR = YES;
				GCC_WARN_UNINITIALIZED_AUTOS = YES_AGGRESSIVE;
				GCC_WARN_UNUSED_FUNCTION = YES;
				GCC_WARN_UNUSED_VARIABLE = YES;
				IPHONEOS_DEPLOYMENT_TARGET = 17.4;
				LOCALIZATION_PREFERS_STRING_CATALOGS = YES;
				MTL_ENABLE_DEBUG_INFO = NO;
				MTL_FAST_MATH = YES;
				SDKROOT = iphoneos;
				SWIFT_COMPILATION_MODE = wholemodule;
				VALIDATE_PRODUCT = YES;
			};
			name = Release;
		};
		5D738E8D2BC87E4500BFAA6B /* Debug */ = {
			isa = XCBuildConfiguration;
			buildSettings = {
				ASSETCATALOG_COMPILER_APPICON_NAME = AppIcon;
				ASSETCATALOG_COMPILER_GLOBAL_ACCENT_COLOR_NAME = AccentColor;
				CODE_SIGN_STYLE = Automatic;
				CURRENT_PROJECT_VERSION = 1;
				DEVELOPMENT_ASSET_PATHS = "\"CV-JoaoMoreira/Preview Content\"";
				DEVELOPMENT_TEAM = U256GQU5W4;
				ENABLE_PREVIEWS = YES;
				GENERATE_INFOPLIST_FILE = YES;
				INFOPLIST_KEY_UIApplicationSceneManifest_Generation = YES;
				INFOPLIST_KEY_UIApplicationSupportsIndirectInputEvents = YES;
				INFOPLIST_KEY_UILaunchScreen_Generation = YES;
				INFOPLIST_KEY_UISupportedInterfaceOrientations = UIInterfaceOrientationPortrait;
				INFOPLIST_KEY_UIUserInterfaceStyle = Light;
				IPHONEOS_DEPLOYMENT_TARGET = 16.0;
				LD_RUNPATH_SEARCH_PATHS = (
					"$(inherited)",
					"@executable_path/Frameworks",
				);
				MARKETING_VERSION = 1.0;
				PRODUCT_BUNDLE_IDENTIFIER = "com.joaom.CV-JoaoMoreira";
				PRODUCT_NAME = "$(TARGET_NAME)";
				SWIFT_EMIT_LOC_STRINGS = YES;
				SWIFT_VERSION = 5.0;
				TARGETED_DEVICE_FAMILY = "1,2";
			};
			name = Debug;
		};
		5D738E8E2BC87E4500BFAA6B /* Release */ = {
			isa = XCBuildConfiguration;
			buildSettings = {
				ASSETCATALOG_COMPILER_APPICON_NAME = AppIcon;
				ASSETCATALOG_COMPILER_GLOBAL_ACCENT_COLOR_NAME = AccentColor;
				CODE_SIGN_STYLE = Automatic;
				CURRENT_PROJECT_VERSION = 1;
				DEVELOPMENT_ASSET_PATHS = "\"CV-JoaoMoreira/Preview Content\"";
				DEVELOPMENT_TEAM = U256GQU5W4;
				ENABLE_PREVIEWS = YES;
				GENERATE_INFOPLIST_FILE = YES;
				INFOPLIST_KEY_UIApplicationSceneManifest_Generation = YES;
				INFOPLIST_KEY_UIApplicationSupportsIndirectInputEvents = YES;
				INFOPLIST_KEY_UILaunchScreen_Generation = YES;
				INFOPLIST_KEY_UISupportedInterfaceOrientations = UIInterfaceOrientationPortrait;
				INFOPLIST_KEY_UIUserInterfaceStyle = Light;
				IPHONEOS_DEPLOYMENT_TARGET = 16.0;
				LD_RUNPATH_SEARCH_PATHS = (
					"$(inherited)",
					"@executable_path/Frameworks",
				);
				MARKETING_VERSION = 1.0;
				PRODUCT_BUNDLE_IDENTIFIER = "com.joaom.CV-JoaoMoreira";
				PRODUCT_NAME = "$(TARGET_NAME)";
				SWIFT_EMIT_LOC_STRINGS = YES;
				SWIFT_VERSION = 5.0;
				TARGETED_DEVICE_FAMILY = "1,2";
			};
			name = Release;
		};
/* End XCBuildConfiguration section */

/* Begin XCConfigurationList section */
		5D738E792BC87E4300BFAA6B /* Build configuration list for PBXProject "CV-JoaoMoreira" */ = {
			isa = XCConfigurationList;
			buildConfigurations = (
				5D738E8A2BC87E4500BFAA6B /* Debug */,
				5D738E8B2BC87E4500BFAA6B /* Release */,
			);
			defaultConfigurationIsVisible = 0;
			defaultConfigurationName = Release;
		};
		5D738E8C2BC87E4500BFAA6B /* Build configuration list for PBXNativeTarget "CV-JoaoMoreira" */ = {
			isa = XCConfigurationList;
			buildConfigurations = (
				5D738E8D2BC87E4500BFAA6B /* Debug */,
				5D738E8E2BC87E4500BFAA6B /* Release */,
			);
			defaultConfigurationIsVisible = 0;
			defaultConfigurationName = Release;
		};
/* End XCConfigurationList section */
	};
	rootObject = 5D738E762BC87E4300BFAA6B /* Project object */;
}
